hash: 7cb8e43880344b1a2450d9ae598c293a6053d2f36b219a6d4cdf123d5716f6f6
updated: 2016-03-11T01:52:45.698333857+03:00
imports:
- name: github.com/aglyzov/charmap
  version: 945fb53710f223e44f612314a1d589532c81225c
- name: github.com/golang/glog
  version: 23def4e6c14b4da8ac2ed8007337bc5eb5007998
- name: github.com/Nyarum/migrations
  version: 485e3e2718b692b4556f165954936cb482f2a57f
- name: github.com/Sirupsen/logrus
  version: 219c8cb75c258c552e999735be6df753ffc7afdc
- name: golang.org/x/sys
  version: 7a56174f0086b32866ebd746a794417edbc678a1
  subpackages:
  - unix
- name: gopkg.in/bsm/ratelimit.v1
  version: db14e161995a5177acef654cb0dd785e8ee8bc22
- name: gopkg.in/bufio.v1
  version: 567b2bfa514e796916c4747494d6ff5132a1dfce
- name: gopkg.in/pg.v3
  version: 76e63febeb3f6a6573bd21ca64c4a141c04905b3
  subpackages:
  - pgutil
- name: gopkg.in/yaml.v2
  version: a83829b6f1293c91addabc89d0571c246397bbf4
devImports: []
